
Microsoft Visual Studio Solution File, Format Version 12.00
# Visual Studio Version 17
VisualStudioVersion = 17.7.34031.279
MinimumVisualStudioVersion = 10.0.40219.1
Project("{54A90642-561A-4BB1-A94E-469ADEE60C69}") = "WIS_Prototype", "WIS_Prototype\WIS_Prototype.esproj", "{5AAF58E4-4BFB-4AA5-A101-BE1B5BC87D59}"
EndProject
Project("{FAE04EC0-301F-11D3-BF4B-00C04F79EFBC}") = "WIS_PrototypeAPI", "WIS_PrototypeAPI\WIS_PrototypeAPI.csproj", "{0181ECB1-22A8-47DB-8707-DE2EEF577246}"
EndProject
Global
	GlobalSection(SolutionConfigurationPlatforms) = preSolution
		Debug|Any CPU = Debug|Any CPU
		Release|Any CPU = Release|Any CPU
	EndGlobalSection
	GlobalSection(ProjectConfigurationPlatforms) = postSolution
		{5AAF58E4-4BFB-4AA5-A101-BE1B5BC87D59}.Debug|Any CPU.ActiveCfg = Debug|Any CPU
		{5AAF58E4-4BFB-4AA5-A101-BE1B5BC87D59}.Debug|Any CPU.Build.0 = Debug|Any CPU
		{5AAF58E4-4BFB-4AA5-A101-BE1B5BC87D59}.Debug|Any CPU.Deploy.0 = Debug|Any CPU
		{5AAF58E4-4BFB-4AA5-A101-BE1B5BC87D59}.Release|Any CPU.ActiveCfg = Release|Any CPU
		{5AAF58E4-4BFB-4AA5-A101-BE1B5BC87D59}.Release|Any CPU.Build.0 = Release|Any CPU
		{5AAF58E4-4BFB-4AA5-A101-BE1B5BC87D59}.Release|Any CPU.Deploy.0 = Release|Any CPU
		{0181ECB1-22A8-47DB-8707-DE2EEF577246}.Debug|Any CPU.ActiveCfg = Debug|Any CPU
		{0181ECB1-22A8-47DB-8707-DE2EEF577246}.Debug|Any CPU.Build.0 = Debug|Any CPU
		{0181ECB1-22A8-47DB-8707-DE2EEF577246}.Release|Any CPU.ActiveCfg = Release|Any CPU
		{0181ECB1-22A8-47DB-8707-DE2EEF577246}.Release|Any CPU.Build.0 = Release|Any CPU
	EndGlobalSection
	GlobalSection(SolutionProperties) = preSolution
		HideSolutionNode = FALSE
	EndGlobalSection
	GlobalSection(ExtensibilityGlobals) = postSolution
		SolutionGuid = {0A9B96B5-3D0A-4911-AA26-E5F516D02091}
	EndGlobalSection
EndGlobal
